
Microsoft Visual Studio Solution File, Format Version 12.00
# Visual Studio Version 16
VisualStudioVersion = 16.0.29519.87
MinimumVisualStudioVersion = 10.0.40219.1
Project("{9A19103F-16F7-4668-BE54-9A1E7A4F7556}") = "CatMash", "CatMash\CatMash.csproj", "{CF204C59-9564-4DB2-B452-EF88D7117333}"
EndProject
Project("{9A19103F-16F7-4668-BE54-9A1E7A4F7556}") = "CatMash.Repository", "CatMash.Repository\CatMash.Repository.csproj", "{C9BCB0BA-306E-41C4-9F05-2527BA1B1A39}"
EndProject
Project("{9A19103F-16F7-4668-BE54-9A1E7A4F7556}") = "CatMash.Services", "CatMash.Services\CatMash.Services.csproj", "{02C01127-BE64-47C6-96F7-958E068BD07A}"
EndProject
Project("{FAE04EC0-301F-11D3-BF4B-00C04F79EFBC}") = "CatMash.Tests", "CatMash.Tests\CatMash.Tests.csproj", "{2D16A86B-DE6E-434F-8E7C-7C4776D9679E}"
EndProject
Global
	GlobalSection(SolutionConfigurationPlatforms) = preSolution
		Debug|Any CPU = Debug|Any CPU
		Release|Any CPU = Release|Any CPU
	EndGlobalSection
	GlobalSection(ProjectConfigurationPlatforms) = postSolution
		{CF204C59-9564-4DB2-B452-EF88D7117333}.Debug|Any CPU.ActiveCfg = Debug|Any CPU
		{CF204C59-9564-4DB2-B452-EF88D7117333}.Debug|Any CPU.Build.0 = Debug|Any CPU
		{CF204C59-9564-4DB2-B452-EF88D7117333}.Release|Any CPU.ActiveCfg = Release|Any CPU
		{CF204C59-9564-4DB2-B452-EF88D7117333}.Release|Any CPU.Build.0 = Release|Any CPU
		{C9BCB0BA-306E-41C4-9F05-2527BA1B1A39}.Debug|Any CPU.ActiveCfg = Debug|Any CPU
		{C9BCB0BA-306E-41C4-9F05-2527BA1B1A39}.Debug|Any CPU.Build.0 = Debug|Any CPU
		{C9BCB0BA-306E-41C4-9F05-2527BA1B1A39}.Release|Any CPU.ActiveCfg = Release|Any CPU
		{C9BCB0BA-306E-41C4-9F05-2527BA1B1A39}.Release|Any CPU.Build.0 = Release|Any CPU
		{02C01127-BE64-47C6-96F7-958E068BD07A}.Debug|Any CPU.ActiveCfg = Debug|Any CPU
		{02C01127-BE64-47C6-96F7-958E068BD07A}.Debug|Any CPU.Build.0 = Debug|Any CPU
		{02C01127-BE64-47C6-96F7-958E068BD07A}.Release|Any CPU.ActiveCfg = Release|Any CPU
		{02C01127-BE64-47C6-96F7-958E068BD07A}.Release|Any CPU.Build.0 = Release|Any CPU
		{2D16A86B-DE6E-434F-8E7C-7C4776D9679E}.Debug|Any CPU.ActiveCfg = Debug|Any CPU
		{2D16A86B-DE6E-434F-8E7C-7C4776D9679E}.Debug|Any CPU.Build.0 = Debug|Any CPU
		{2D16A86B-DE6E-434F-8E7C-7C4776D9679E}.Release|Any CPU.ActiveCfg = Release|Any CPU
		{2D16A86B-DE6E-434F-8E7C-7C4776D9679E}.Release|Any CPU.Build.0 = Release|Any CPU
	EndGlobalSection
	GlobalSection(SolutionProperties) = preSolution
		HideSolutionNode = FALSE
	EndGlobalSection
	GlobalSection(ExtensibilityGlobals) = postSolution
		SolutionGuid = {84597FB4-31BA-453F-BE9F-0B61A8832023}
	EndGlobalSection
EndGlobal
